
Microsoft Visual Studio Solution File, Format Version 12.00
# Visual Studio 15
VisualStudioVersion = 15.0.27130.2036
MinimumVisualStudioVersion = 10.0.40219.1
Project("{FAE04EC0-301F-11D3-BF4B-00C04F79EFBC}") = "SignalGoAddServiceReference", "SignalGoAddServiceReference\SignalGoAddServiceReference.csproj", "{CE2DB60E-903A-4811-AA14-09DA5D666CA5}"
EndProject
Project("{FAE04EC0-301F-11D3-BF4B-00C04F79EFBC}") = "SignalGo.CodeGenerator", "SignalGo.CodeGenerator\SignalGo.CodeGenerator.csproj", "{1D10000A-CC4E-45B3-99D1-1DD8B9581281}"
EndProject
Global
	GlobalSection(SolutionConfigurationPlatforms) = preSolution
		Debug|Any CPU = Debug|Any CPU
		Release|Any CPU = Release|Any CPU
	EndGlobalSection
	GlobalSection(ProjectConfigurationPlatforms) = postSolution
		{CE2DB60E-903A-4811-AA14-09DA5D666CA5}.Debug|Any CPU.ActiveCfg = Debug|Any CPU
		{CE2DB60E-903A-4811-AA14-09DA5D666CA5}.Debug|Any CPU.Build.0 = Debug|Any CPU
		{CE2DB60E-903A-4811-AA14-09DA5D666CA5}.Release|Any CPU.ActiveCfg = Release|Any CPU
		{CE2DB60E-903A-4811-AA14-09DA5D666CA5}.Release|Any CPU.Build.0 = Release|Any CPU
		{1D10000A-CC4E-45B3-99D1-1DD8B9581281}.Debug|Any CPU.ActiveCfg = Debug|Any CPU
		{1D10000A-CC4E-45B3-99D1-1DD8B9581281}.Debug|Any CPU.Build.0 = Debug|Any CPU
		{1D10000A-CC4E-45B3-99D1-1DD8B9581281}.Release|Any CPU.ActiveCfg = Release|Any CPU
		{1D10000A-CC4E-45B3-99D1-1DD8B9581281}.Release|Any CPU.Build.0 = Release|Any CPU
	EndGlobalSection
	GlobalSection(SolutionProperties) = preSolution
		HideSolutionNode = FALSE
	EndGlobalSection
	GlobalSection(ExtensibilityGlobals) = postSolution
		SolutionGuid = {12790D95-9AB3-471B-934A-CA8480994788}
	EndGlobalSection
EndGlobal
